
Microsoft Visual Studio Solution File, Format Version 12.00
# Visual Studio Version 16
VisualStudioVersion = 16.0.29025.244
MinimumVisualStudioVersion = 10.0.40219.1
Project("{8BC9CEB8-8B4A-11D0-8D11-00A0C91BC942}") = "ndisapi.net", "ndisapi.net\ndisapicl.vcxproj", "{4403C695-9939-4402-9EAB-43E88CF47997}"
EndProject
Project("{9A19103F-16F7-4668-BE54-9A1E7A4F7556}") = "NdisFilter", "NdisFilter\NdisFilter.csproj", "{BC5BD02A-58B8-476D-AC8B-378CDB22F022}"
EndProject
Project("{9A19103F-16F7-4668-BE54-9A1E7A4F7556}") = "NdisFilter.Test", "NdisFilter.Test\NdisFilter.Test.csproj", "{C5452074-1016-43EC-8C5E-91E7735127F4}"
EndProject
Project("{9A19103F-16F7-4668-BE54-9A1E7A4F7556}") = "NdisFilter.Core", "NdisFilter.Core\NdisFilter.Core.csproj", "{286FA536-D6F9-41AE-87B6-10C4E3C7F13E}"
EndProject
Global
	GlobalSection(SolutionConfigurationPlatforms) = preSolution
		Debug|x64 = Debug|x64
		Release|x64 = Release|x64
	EndGlobalSection
	GlobalSection(ProjectConfigurationPlatforms) = postSolution
		{4403C695-9939-4402-9EAB-43E88CF47997}.Debug|x64.ActiveCfg = Debug|x64
		{4403C695-9939-4402-9EAB-43E88CF47997}.Debug|x64.Build.0 = Debug|x64
		{4403C695-9939-4402-9EAB-43E88CF47997}.Release|x64.ActiveCfg = Release|x64
		{4403C695-9939-4402-9EAB-43E88CF47997}.Release|x64.Build.0 = Release|x64
		{BC5BD02A-58B8-476D-AC8B-378CDB22F022}.Debug|x64.ActiveCfg = Debug|x64
		{BC5BD02A-58B8-476D-AC8B-378CDB22F022}.Debug|x64.Build.0 = Debug|x64
		{BC5BD02A-58B8-476D-AC8B-378CDB22F022}.Release|x64.ActiveCfg = Release|x64
		{BC5BD02A-58B8-476D-AC8B-378CDB22F022}.Release|x64.Build.0 = Release|x64
		{C5452074-1016-43EC-8C5E-91E7735127F4}.Debug|x64.ActiveCfg = Debug|x64
		{C5452074-1016-43EC-8C5E-91E7735127F4}.Debug|x64.Build.0 = Debug|x64
		{C5452074-1016-43EC-8C5E-91E7735127F4}.Release|x64.ActiveCfg = Release|x64
		{C5452074-1016-43EC-8C5E-91E7735127F4}.Release|x64.Build.0 = Release|x64
		{286FA536-D6F9-41AE-87B6-10C4E3C7F13E}.Debug|x64.ActiveCfg = Debug|x64
		{286FA536-D6F9-41AE-87B6-10C4E3C7F13E}.Debug|x64.Build.0 = Debug|x64
		{286FA536-D6F9-41AE-87B6-10C4E3C7F13E}.Release|x64.ActiveCfg = Release|x64
		{286FA536-D6F9-41AE-87B6-10C4E3C7F13E}.Release|x64.Build.0 = Release|x64
	EndGlobalSection
	GlobalSection(SolutionProperties) = preSolution
		HideSolutionNode = FALSE
	EndGlobalSection
	GlobalSection(ExtensibilityGlobals) = postSolution
		SolutionGuid = {F27A9BD3-2781-4A72-AB94-EC892968DD7C}
	EndGlobalSection
EndGlobal
